
Microsoft Visual Studio Solution File, Format Version 12.00
# Visual Studio Version 16
VisualStudioVersion = 16.0.29025.244
MinimumVisualStudioVersion = 10.0.40219.1
Project("{FAE04EC0-301F-11D3-BF4B-00C04F79EFBC}") = "TaschenRechner", "TaschenRechner\TaschenRechner.csproj", "{D61AB8FD-5544-4F8D-A364-B3A8E35C49C6}"
EndProject
Global
	GlobalSection(SolutionConfigurationPlatforms) = preSolution
		Debug|Any CPU = Debug|Any CPU
		Release|Any CPU = Release|Any CPU
	EndGlobalSection
	GlobalSection(ProjectConfigurationPlatforms) = postSolution
		{D61AB8FD-5544-4F8D-A364-B3A8E35C49C6}.Debug|Any CPU.ActiveCfg = Debug|Any CPU
		{D61AB8FD-5544-4F8D-A364-B3A8E35C49C6}.Debug|Any CPU.Build.0 = Debug|Any CPU
		{D61AB8FD-5544-4F8D-A364-B3A8E35C49C6}.Release|Any CPU.ActiveCfg = Release|Any CPU
		{D61AB8FD-5544-4F8D-A364-B3A8E35C49C6}.Release|Any CPU.Build.0 = Release|Any CPU
	EndGlobalSection
	GlobalSection(SolutionProperties) = preSolution
		HideSolutionNode = FALSE
	EndGlobalSection
	GlobalSection(ExtensibilityGlobals) = postSolution
		SolutionGuid = {61DD5625-A49D-4D8D-8E99-FF246FE58AE8}
	EndGlobalSection
EndGlobal
